
Microsoft Visual Studio Solution File, Format Version 12.00
# Visual Studio Version 16
VisualStudioVersion = 16.0.28803.156
MinimumVisualStudioVersion = 10.0.40219.1
Project("{FAE04EC0-301F-11D3-BF4B-00C04F79EFBC}") = "XUnitTestProject1", "XUnitTestProject1\XUnitTestProject1.csproj", "{B1E7B030-476F-4ECD-AE42-69A1574017D7}"
EndProject
Project("{FAE04EC0-301F-11D3-BF4B-00C04F79EFBC}") = "TestHelpers", "TestHelpers\TestHelpers.csproj", "{7A017472-EBD5-485A-9006-37DE12190ED6}"
EndProject
Global
	GlobalSection(SolutionConfigurationPlatforms) = preSolution
		Debug|Any CPU = Debug|Any CPU
		Release|Any CPU = Release|Any CPU
	EndGlobalSection
	GlobalSection(ProjectConfigurationPlatforms) = postSolution
		{B1E7B030-476F-4ECD-AE42-69A1574017D7}.Debug|Any CPU.ActiveCfg = Debug|Any CPU
		{B1E7B030-476F-4ECD-AE42-69A1574017D7}.Debug|Any CPU.Build.0 = Debug|Any CPU
		{B1E7B030-476F-4ECD-AE42-69A1574017D7}.Release|Any CPU.ActiveCfg = Release|Any CPU
		{B1E7B030-476F-4ECD-AE42-69A1574017D7}.Release|Any CPU.Build.0 = Release|Any CPU
		{7A017472-EBD5-485A-9006-37DE12190ED6}.Debug|Any CPU.ActiveCfg = Debug|Any CPU
		{7A017472-EBD5-485A-9006-37DE12190ED6}.Debug|Any CPU.Build.0 = Debug|Any CPU
		{7A017472-EBD5-485A-9006-37DE12190ED6}.Release|Any CPU.ActiveCfg = Release|Any CPU
		{7A017472-EBD5-485A-9006-37DE12190ED6}.Release|Any CPU.Build.0 = Release|Any CPU
	EndGlobalSection
	GlobalSection(SolutionProperties) = preSolution
		HideSolutionNode = FALSE
	EndGlobalSection
	GlobalSection(ExtensibilityGlobals) = postSolution
		SolutionGuid = {F2FE0AF3-73DD-441E-9852-8F7045AF8461}
	EndGlobalSection
EndGlobal
